
Microsoft Visual Studio Solution File, Format Version 12.00
# Visual Studio Version 17
VisualStudioVersion = 17.3.32922.545
MinimumVisualStudioVersion = 10.0.40219.1
Project("{FAE04EC0-301F-11D3-BF4B-00C04F79EFBC}") = "GUI_Osero", "GUI_Osero\GUI_Osero.csproj", "{5DDDE133-0C3A-4358-8DB1-18C09E94F400}"
EndProject
Global
	GlobalSection(SolutionConfigurationPlatforms) = preSolution
		Debug|Any CPU = Debug|Any CPU
		Release|Any CPU = Release|Any CPU
	EndGlobalSection
	GlobalSection(ProjectConfigurationPlatforms) = postSolution
		{5DDDE133-0C3A-4358-8DB1-18C09E94F400}.Debug|Any CPU.ActiveCfg = Debug|Any CPU
		{5DDDE133-0C3A-4358-8DB1-18C09E94F400}.Debug|Any CPU.Build.0 = Debug|Any CPU
		{5DDDE133-0C3A-4358-8DB1-18C09E94F400}.Release|Any CPU.ActiveCfg = Release|Any CPU
		{5DDDE133-0C3A-4358-8DB1-18C09E94F400}.Release|Any CPU.Build.0 = Release|Any CPU
	EndGlobalSection
	GlobalSection(SolutionProperties) = preSolution
		HideSolutionNode = FALSE
	EndGlobalSection
	GlobalSection(ExtensibilityGlobals) = postSolution
		SolutionGuid = {39D701BF-0B08-4383-81D4-9EACA3A8478F}
	EndGlobalSection
EndGlobal
